
Microsoft Visual Studio Solution File, Format Version 12.00
# Visual Studio Version 16
VisualStudioVersion = 16.0.32106.194
MinimumVisualStudioVersion = 10.0.40219.1
Project("{FAE04EC0-301F-11D3-BF4B-00C04F79EFBC}") = "MainProject", "MainService\MainProject.csproj", "{81AF7465-7C95-428C-85CE-EEDC1D7CC59D}"
EndProject
Project("{FAE04EC0-301F-11D3-BF4B-00C04F79EFBC}") = "TestProject", "TestProject\TestProject.csproj", "{F6249CB4-95E9-4084-811F-FC69AD4F91C5}"
EndProject
Global
	GlobalSection(SolutionConfigurationPlatforms) = preSolution
		Debug|Any CPU = Debug|Any CPU
		Release|Any CPU = Release|Any CPU
	EndGlobalSection
	GlobalSection(ProjectConfigurationPlatforms) = postSolution
		{81AF7465-7C95-428C-85CE-EEDC1D7CC59D}.Debug|Any CPU.ActiveCfg = Debug|Any CPU
		{81AF7465-7C95-428C-85CE-EEDC1D7CC59D}.Debug|Any CPU.Build.0 = Debug|Any CPU
		{81AF7465-7C95-428C-85CE-EEDC1D7CC59D}.Release|Any CPU.ActiveCfg = Release|Any CPU
		{81AF7465-7C95-428C-85CE-EEDC1D7CC59D}.Release|Any CPU.Build.0 = Release|Any CPU
		{F6249CB4-95E9-4084-811F-FC69AD4F91C5}.Debug|Any CPU.ActiveCfg = Debug|Any CPU
		{F6249CB4-95E9-4084-811F-FC69AD4F91C5}.Debug|Any CPU.Build.0 = Debug|Any CPU
		{F6249CB4-95E9-4084-811F-FC69AD4F91C5}.Release|Any CPU.ActiveCfg = Release|Any CPU
		{F6249CB4-95E9-4084-811F-FC69AD4F91C5}.Release|Any CPU.Build.0 = Release|Any CPU
	EndGlobalSection
	GlobalSection(SolutionProperties) = preSolution
		HideSolutionNode = FALSE
	EndGlobalSection
	GlobalSection(ExtensibilityGlobals) = postSolution
		SolutionGuid = {FE158DAD-BFA7-4629-93E2-9B3152FE3FEE}
	EndGlobalSection
EndGlobal
